// !$*UTF8*$!
{
	archiveVersion = 1;
	classes = {
	};
	objectVersion = 56;
	objects = {

/* Begin PBXBuildFile section */
		ACCF0CF32B02C58E00425280 /* TikTokCloneApp.swift in Sources */ = {isa = PBXBuildFile; fileRef = ACCF0CF22B02C58E00425280 /* TikTokCloneApp.swift */; };
		ACCF0CF52B02C58E00425280 /* ContentView.swift in Sources */ = {isa = PBXBuildFile; fileRef = ACCF0CF42B02C58E00425280 /* ContentView.swift */; };
		ACCF0CF72B02C58F00425280 /* Assets.xcassets in Resources */ = {isa = PBXBuildFile; fileRef = ACCF0CF62B02C58F00425280 /* Assets.xcassets */; };
		ACCF0CFB2B02C58F00425280 /* Preview Assets.xcassets in Resources */ = {isa = PBXBuildFile; fileRef = ACCF0CFA2B02C58F00425280 /* Preview Assets.xcassets */; };
		ACCF0D052B02C58F00425280 /* TikTokCloneTests.swift in Sources */ = {isa = PBXBuildFile; fileRef = ACCF0D042B02C58F00425280 /* TikTokCloneTests.swift */; };
		ACCF0D0F2B02C58F00425280 /* TikTokCloneUITests.swift in Sources */ = {isa = PBXBuildFile; fileRef = ACCF0D0E2B02C58F00425280 /* TikTokCloneUITests.swift */; };
		ACCF0D112B02C58F00425280 /* TikTokCloneUITestsLaunchTests.swift in Sources */ = {isa = PBXBuildFile; fileRef = ACCF0D102B02C58F00425280 /* TikTokCloneUITestsLaunchTests.swift */; };
/* End PBXBuildFile section */

/* Begin PBXContainerItemProxy section */
		ACCF0D012B02C58F00425280 /* PBXContainerItemProxy */ = {
			isa = PBXContainerItemProxy;
			containerPortal = ACCF0CE72B02C58E00425280 /* Project object */;
			proxyType = 1;
			remoteGlobalIDString = ACCF0CEE2B02C58E00425280;
			remoteInfo = TikTokClone;
		};
		ACCF0D0B2B02C58F00425280 /* PBXContainerItemProxy */ = {
			isa = PBXContainerItemProxy;
			containerPortal = ACCF0CE72B02C58E00425280 /* Project object */;
			proxyType = 1;
			remoteGlobalIDString = ACCF0CEE2B02C58E00425280;
			remoteInfo = TikTokClone;
		};
/* End PBXContainerItemProxy section */

/* Begin PBXFileReference section */
		ACCF0CEF2B02C58E00425280 /* TikTokClone.app */ = {isa = PBXFileReference; explicitFileType = wrapper.application; includeInIndex = 0; path = TikTokClone.app; sourceTree = BUILT_PRODUCTS_DIR; };
		ACCF0CF22B02C58E00425280 /* TikTokCloneApp.swift */ = {isa = PBXFileReference; lastKnownFileType = sourcecode.swift; path = TikTokCloneApp.swift; sourceTree = "<group>"; };
		ACCF0CF42B02C58E00425280 /* ContentView.swift */ = {isa = PBXFileReference; lastKnownFileType = sourcecode.swift; path = ContentView.swift; sourceTree = "<group>"; };
		ACCF0CF62B02C58F00425280 /* Assets.xcassets */ = {isa = PBXFileReference; lastKnownFileType = folder.assetcatalog; path = Assets.xcassets; sourceTree = "<group>"; };
		ACCF0CF82B02C58F00425280 /* TikTokClone.entitlements */ = {isa = PBXFileReference; lastKnownFileType = text.plist.entitlements; path = TikTokClone.entitlements; sourceTree = "<group>"; };
		ACCF0CFA2B02C58F00425280 /* Preview Assets.xcassets */ = {isa = PBXFileReference; lastKnownFileType = folder.assetcatalog; path = "Preview Assets.xcassets"; sourceTree = "<group>"; };
		ACCF0D002B02C58F00425280 /* TikTokCloneTests.xctest */ = {isa = PBXFileReference; explicitFileType = wrapper.cfbundle; includeInIndex = 0; path = TikTokCloneTests.xctest; sourceTree = BUILT_PRODUCTS_DIR; };
		ACCF0D042B02C58F00425280 /* TikTokCloneTests.swift */ = {isa = PBXFileReference; lastKnownFileType = sourcecode.swift; path = TikTokCloneTests.swift; sourceTree = "<group>"; };
		ACCF0D0A2B02C58F00425280 /* TikTokCloneUITests.xctest */ = {isa = PBXFileReference; explicitFileType = wrapper.cfbundle; includeInIndex = 0; path = TikTokCloneUITests.xctest; sourceTree = BUILT_PRODUCTS_DIR; };
		ACCF0D0E2B02C58F00425280 /* TikTokCloneUITests.swift */ = {isa = PBXFileReference; lastKnownFileType = sourcecode.swift; path = TikTokCloneUITests.swift; sourceTree = "<group>"; };
		ACCF0D102B02C58F00425280 /* TikTokCloneUITestsLaunchTests.swift */ = {isa = PBXFileReference; lastKnownFileType = sourcecode.swift; path = TikTokCloneUITestsLaunchTests.swift; sourceTree = "<group>"; };
/* End PBXFileReference section */

/* Begin PBXFrameworksBuildPhase section */
		ACCF0CEC2B02C58E00425280 /* Frameworks */ = {
			isa = PBXFrameworksBuildPhase;
			buildActionMask = 2147483647;
			files = (
			);
			runOnlyForDeploymentPostprocessing = 0;
		};
		ACCF0CFD2B02C58F00425280 /* Frameworks */ = {
			isa = PBXFrameworksBuildPhase;
			buildActionMask = 2147483647;
			files = (
			);
			runOnlyForDeploymentPostprocessing = 0;
		};
		ACCF0D072B02C58F00425280 /* Frameworks */ = {
			isa = PBXFrameworksBuildPhase;
			buildActionMask = 2147483647;
			files = (
			);
			runOnlyForDeploymentPostprocessing = 0;
		};
/* End PBXFrameworksBuildPhase section */

/* Begin PBXGroup section */
		ACCF0CE62B02C58E00425280 = {
			isa = PBXGroup;
			children = (
				ACCF0CF12B02C58E00425280 /* TikTokClone */,
				ACCF0D032B02C58F00425280 /* TikTokCloneTests */,
				ACCF0D0D2B02C58F00425280 /* TikTokCloneUITests */,
				ACCF0CF02B02C58E00425280 /* Products */,
			);
			sourceTree = "<group>";
		};
		ACCF0CF02B02C58E00425280 /* Products */ = {
			isa = PBXGroup;
			children = (
				ACCF0CEF2B02C58E00425280 /* TikTokClone.app */,
				ACCF0D002B02C58F00425280 /* TikTokCloneTests.xctest */,
				ACCF0D0A2B02C58F00425280 /* TikTokCloneUITests.xctest */,
			);
			name = Products;
			sourceTree = "<group>";
		};
		ACCF0CF12B02C58E00425280 /* TikTokClone */ = {
			isa = PBXGroup;
			children = (
				ACCF0D232B02C67800425280 /* App */,
				ACCF0D222B02C67400425280 /* Core */,
				ACCF0D212B02C67200425280 /* Extensions */,
				ACCF0D1E2B02C66800425280 /* Model */,
				ACCF0D1D2B02C65D00425280 /* Services */,
				ACCF0D252B02C6A500425280 /* Utils */,
				ACCF0CF22B02C58E00425280 /* TikTokCloneApp.swift */,
				ACCF0CF62B02C58F00425280 /* Assets.xcassets */,
				ACCF0CF82B02C58F00425280 /* TikTokClone.entitlements */,
				ACCF0CF92B02C58F00425280 /* Preview Content */,
			);
			path = TikTokClone;
			sourceTree = "<group>";
		};
		ACCF0CF92B02C58F00425280 /* Preview Content */ = {
			isa = PBXGroup;
			children = (
				ACCF0CFA2B02C58F00425280 /* Preview Assets.xcassets */,
			);
			path = "Preview Content";
			sourceTree = "<group>";
		};
		ACCF0D032B02C58F00425280 /* TikTokCloneTests */ = {
			isa = PBXGroup;
			children = (
				ACCF0D042B02C58F00425280 /* TikTokCloneTests.swift */,
			);
			path = TikTokCloneTests;
			sourceTree = "<group>";
		};
		ACCF0D0D2B02C58F00425280 /* TikTokCloneUITests */ = {
			isa = PBXGroup;
			children = (
				ACCF0D0E2B02C58F00425280 /* TikTokCloneUITests.swift */,
				ACCF0D102B02C58F00425280 /* TikTokCloneUITestsLaunchTests.swift */,
			);
			path = TikTokCloneUITests;
			sourceTree = "<group>";
		};
		ACCF0D1D2B02C65D00425280 /* Services */ = {
			isa = PBXGroup;
			children = (
			);
			path = Services;
			sourceTree = "<group>";
		};
		ACCF0D1E2B02C66800425280 /* Model */ = {
			isa = PBXGroup;
			children = (
			);
			path = Model;
			sourceTree = "<group>";
		};
		ACCF0D212B02C67200425280 /* Extensions */ = {
			isa = PBXGroup;
			children = (
			);
			path = Extensions;
			sourceTree = "<group>";
		};
		ACCF0D222B02C67400425280 /* Core */ = {
			isa = PBXGroup;
			children = (
				ACCF0D2F2B02C6D200425280 /* Authentication */,
				ACCF0D2E2B02C6D000425280 /* Comments */,
				ACCF0D2D2B02C6CE00425280 /* Components */,
				ACCF0D2C2B02C6CD00425280 /* Feed */,
				ACCF0D2B2B02C6CA00425280 /* Notifications */,
				ACCF0D2A2B02C6C900425280 /* Profile */,
				ACCF0D292B02C6C700425280 /* Root */,
				ACCF0D282B02C6C400425280 /* Search */,
				ACCF0D272B02C6C200425280 /* Tabbar */,
				ACCF0D262B02C6BD00425280 /* UploadMedia */,
			);
			path = Core;
			sourceTree = "<group>";
		};
		ACCF0D232B02C67800425280 /* App */ = {
			isa = PBXGroup;
			children = (
			);
			path = App;
			sourceTree = "<group>";
		};
		ACCF0D252B02C6A500425280 /* Utils */ = {
			isa = PBXGroup;
			children = (
			);
			path = Utils;
			sourceTree = "<group>";
		};
		ACCF0D262B02C6BD00425280 /* UploadMedia */ = {
			isa = PBXGroup;
			children = (
			);
			path = UploadMedia;
			sourceTree = "<group>";
		};
		ACCF0D272B02C6C200425280 /* Tabbar */ = {
			isa = PBXGroup;
			children = (
			);
			path = Tabbar;
			sourceTree = "<group>";
		};
		ACCF0D282B02C6C400425280 /* Search */ = {
			isa = PBXGroup;
			children = (
			);
			path = Search;
			sourceTree = "<group>";
		};
		ACCF0D292B02C6C700425280 /* Root */ = {
			isa = PBXGroup;
			children = (
				ACCF0CF42B02C58E00425280 /* ContentView.swift */,
			);
			path = Root;
			sourceTree = "<group>";
		};
		ACCF0D2A2B02C6C900425280 /* Profile */ = {
			isa = PBXGroup;
			children = (
			);
			path = Profile;
			sourceTree = "<group>";
		};
		ACCF0D2B2B02C6CA00425280 /* Notifications */ = {
			isa = PBXGroup;
			children = (
			);
			path = Notifications;
			sourceTree = "<group>";
		};
		ACCF0D2C2B02C6CD00425280 /* Feed */ = {
			isa = PBXGroup;
			children = (
			);
			path = Feed;
			sourceTree = "<group>";
		};
		ACCF0D2D2B02C6CE00425280 /* Components */ = {
			isa = PBXGroup;
			children = (
			);
			path = Components;
			sourceTree = "<group>";
		};
		ACCF0D2E2B02C6D000425280 /* Comments */ = {
			isa = PBXGroup;
			children = (
			);
			path = Comments;
			sourceTree = "<group>";
		};
		ACCF0D2F2B02C6D200425280 /* Authentication */ = {
			isa = PBXGroup;
			children = (
			);
			path = Authentication;
			sourceTree = "<group>";
		};
/* End PBXGroup section */

/* Begin PBXNativeTarget section */
		ACCF0CEE2B02C58E00425280 /* TikTokClone */ = {
			isa = PBXNativeTarget;
			buildConfigurationList = ACCF0D142B02C58F00425280 /* Build configuration list for PBXNativeTarget "TikTokClone" */;
			buildPhases = (
				ACCF0CEB2B02C58E00425280 /* Sources */,
				ACCF0CEC2B02C58E00425280 /* Frameworks */,
				ACCF0CED2B02C58E00425280 /* Resources */,
			);
			buildRules = (
			);
			dependencies = (
			);
			name = TikTokClone;
			productName = TikTokClone;
			productReference = ACCF0CEF2B02C58E00425280 /* TikTokClone.app */;
			productType = "com.apple.product-type.application";
		};
		ACCF0CFF2B02C58F00425280 /* TikTokCloneTests */ = {
			isa = PBXNativeTarget;
			buildConfigurationList = ACCF0D172B02C58F00425280 /* Build configuration list for PBXNativeTarget "TikTokCloneTests" */;
			buildPhases = (
				ACCF0CFC2B02C58F00425280 /* Sources */,
				ACCF0CFD2B02C58F00425280 /* Frameworks */,
				ACCF0CFE2B02C58F00425280 /* Resources */,
			);
			buildRules = (
			);
			dependencies = (
				ACCF0D022B02C58F00425280 /* PBXTargetDependency */,
			);
			name = TikTokCloneTests;
			productName = TikTokCloneTests;
			productReference = ACCF0D002B02C58F00425280 /* TikTokCloneTests.xctest */;
			productType = "com.apple.product-type.bundle.unit-test";
		};
		ACCF0D092B02C58F00425280 /* TikTokCloneUITests */ = {
			isa = PBXNativeTarget;
			buildConfigurationList = ACCF0D1A2B02C58F00425280 /* Build configuration list for PBXNativeTarget "TikTokCloneUITests" */;
			buildPhases = (
				ACCF0D062B02C58F00425280 /* Sources */,
				ACCF0D072B02C58F00425280 /* Frameworks */,
				ACCF0D082B02C58F00425280 /* Resources */,
			);
			buildRules = (
			);
			dependencies = (
				ACCF0D0C2B02C58F00425280 /* PBXTargetDependency */,
			);
			name = TikTokCloneUITests;
			productName = TikTokCloneUITests;
			productReference = ACCF0D0A2B02C58F00425280 /* TikTokCloneUITests.xctest */;
			productType = "com.apple.product-type.bundle.ui-testing";
		};
/* End PBXNativeTarget section */

/* Begin PBXProject section */
		ACCF0CE72B02C58E00425280 /* Project object */ = {
			isa = PBXProject;
			attributes = {
				BuildIndependentTargetsInParallel = 1;
				LastSwiftUpdateCheck = 1500;
				LastUpgradeCheck = 1500;
				TargetAttributes = {
					ACCF0CEE2B02C58E00425280 = {
						CreatedOnToolsVersion = 15.0.1;
					};
					ACCF0CFF2B02C58F00425280 = {
						CreatedOnToolsVersion = 15.0.1;
						TestTargetID = ACCF0CEE2B02C58E00425280;
					};
					ACCF0D092B02C58F00425280 = {
						CreatedOnToolsVersion = 15.0.1;
						TestTargetID = ACCF0CEE2B02C58E00425280;
					};
				};
			};
			buildConfigurationList = ACCF0CEA2B02C58E00425280 /* Build configuration list for PBXProject "TikTokClone" */;
			compatibilityVersion = "Xcode 14.0";
			developmentRegion = en;
			hasScannedForEncodings = 0;
			knownRegions = (
				en,
				Base,
			);
			mainGroup = ACCF0CE62B02C58E00425280;
			productRefGroup = ACCF0CF02B02C58E00425280 /* Products */;
			projectDirPath = "";
			projectRoot = "";
			targets = (
				ACCF0CEE2B02C58E00425280 /* TikTokClone */,
				ACCF0CFF2B02C58F00425280 /* TikTokCloneTests */,
				ACCF0D092B02C58F00425280 /* TikTokCloneUITests */,
			);
		};
/* End PBXProject section */

/* Begin PBXResourcesBuildPhase section */
		ACCF0CED2B02C58E00425280 /* Resources */ = {
			isa = PBXResourcesBuildPhase;
			buildActionMask = 2147483647;
			files = (
				ACCF0CFB2B02C58F00425280 /* Preview Assets.xcassets in Resources */,
				ACCF0CF72B02C58F00425280 /* Assets.xcassets in Resources */,
			);
			runOnlyForDeploymentPostprocessing = 0;
		};
		ACCF0CFE2B02C58F00425280 /* Resources */ = {
			isa = PBXResourcesBuildPhase;
			buildActionMask = 2147483647;
			files = (
			);
			runOnlyForDeploymentPostprocessing = 0;
		};
		ACCF0D082B02C58F00425280 /* Resources */ = {
			isa = PBXResourcesBuildPhase;
			buildActionMask = 2147483647;
			files = (
			);
			runOnlyForDeploymentPostprocessing = 0;
		};
/* End PBXResourcesBuildPhase section */

/* Begin PBXSourcesBuildPhase section */
		ACCF0CEB2B02C58E00425280 /* Sources */ = {
			isa = PBXSourcesBuildPhase;
			buildActionMask = 2147483647;
			files = (
				ACCF0CF52B02C58E00425280 /* ContentView.swift in Sources */,
				ACCF0CF32B02C58E00425280 /* TikTokCloneApp.swift in Sources */,
			);
			runOnlyForDeploymentPostprocessing = 0;
		};
		ACCF0CFC2B02C58F00425280 /* Sources */ = {
			isa = PBXSourcesBuildPhase;
			buildActionMask = 2147483647;
			files = (
				ACCF0D052B02C58F00425280 /* TikTokCloneTests.swift in Sources */,
			);
			runOnlyForDeploymentPostprocessing = 0;
		};
		ACCF0D062B02C58F00425280 /* Sources */ = {
			isa = PBXSourcesBuildPhase;
			buildActionMask = 2147483647;
			files = (
				ACCF0D112B02C58F00425280 /* TikTokCloneUITestsLaunchTests.swift in Sources */,
				ACCF0D0F2B02C58F00425280 /* TikTokCloneUITests.swift in Sources */,
			);
			runOnlyForDeploymentPostprocessing = 0;
		};
/* End PBXSourcesBuildPhase section */

/* Begin PBXTargetDependency section */
		ACCF0D022B02C58F00425280 /* PBXTargetDependency */ = {
			isa = PBXTargetDependency;
			target = ACCF0CEE2B02C58E00425280 /* TikTokClone */;
			targetProxy = ACCF0D012B02C58F00425280 /* PBXContainerItemProxy */;
		};
		ACCF0D0C2B02C58F00425280 /* PBXTargetDependency */ = {
			isa = PBXTargetDependency;
			target = ACCF0CEE2B02C58E00425280 /* TikTokClone */;
			targetProxy = ACCF0D0B2B02C58F00425280 /* PBXContainerItemProxy */;
		};
/* End PBXTargetDependency section */

/* Begin XCBuildConfiguration section */
		ACCF0D122B02C58F00425280 /* Debug */ = {
			isa = XCBuildConfiguration;
			buildSettings = {
				ALWAYS_SEARCH_USER_PATHS = NO;
				ASSETCATALOG_COMPILER_GENERATE_SWIFT_ASSET_SYMBOL_EXTENSIONS = YES;
				CLANG_ANALYZER_NONNULL = YES;
				CLANG_ANALYZER_NUMBER_OBJECT_CONVERSION = YES_AGGRESSIVE;
				CLANG_CXX_LANGUAGE_STANDARD = "gnu++20";
				CLANG_ENABLE_MODULES = YES;
				CLANG_ENABLE_OBJC_ARC = YES;
				CLANG_ENABLE_OBJC_WEAK = YES;
				CLANG_WARN_BLOCK_CAPTURE_AUTORELEASING = YES;
				CLANG_WARN_BOOL_CONVERSION = YES;
				CLANG_WARN_COMMA = YES;
				CLANG_WARN_CONSTANT_CONVERSION = YES;
				CLANG_WARN_DEPRECATED_OBJC_IMPLEMENTATIONS = YES;
				CLANG_WARN_DIRECT_OBJC_ISA_USAGE = YES_ERROR;
				CLANG_WARN_DOCUMENTATION_COMMENTS = YES;
				CLANG_WARN_EMPTY_BODY = YES;
				CLANG_WARN_ENUM_CONVERSION = YES;
				CLANG_WARN_INFINITE_RECURSION = YES;
				CLANG_WARN_INT_CONVERSION = YES;
				CLANG_WARN_NON_LITERAL_NULL_CONVERSION = YES;
				CLANG_WARN_OBJC_IMPLICIT_RETAIN_SELF = YES;
				CLANG_WARN_OBJC_LITERAL_CONVERSION = YES;
				CLANG_WARN_OBJC_ROOT_CLASS = YES_ERROR;
				CLANG_WARN_QUOTED_INCLUDE_IN_FRAMEWORK_HEADER = YES;
				CLANG_WARN_RANGE_LOOP_ANALYSIS = YES;
				CLANG_WARN_STRICT_PROTOTYPES = YES;
				CLANG_WARN_SUSPICIOUS_MOVE = YES;
				CLANG_WARN_UNGUARDED_AVAILABILITY = YES_AGGRESSIVE;
				CLANG_WARN_UNREACHABLE_CODE = YES;
				CLANG_WARN__DUPLICATE_METHOD_MATCH = YES;
				COPY_PHASE_STRIP = NO;
				DEBUG_INFORMATION_FORMAT = dwarf;
				ENABLE_STRICT_OBJC_MSGSEND = YES;
				ENABLE_TESTABILITY = YES;
				ENABLE_USER_SCRIPT_SANDBOXING = YES;
				GCC_C_LANGUAGE_STANDARD = gnu17;
				GCC_DYNAMIC_NO_PIC = NO;
				GCC_NO_COMMON_BLOCKS = YES;
				GCC_OPTIMIZATION_LEVEL = 0;
				GCC_PREPROCESSOR_DEFINITIONS = (
					"DEBUG=1",
					"$(inherited)",
				);
				GCC_WARN_64_TO_32_BIT_CONVERSION = YES;
				GCC_WARN_ABOUT_RETURN_TYPE = YES_ERROR;
				GCC_WARN_UNDECLARED_SELECTOR = YES;
				GCC_WARN_UNINITIALIZED_AUTOS = YES_AGGRESSIVE;
				GCC_WARN_UNUSED_FUNCTION = YES;
				GCC_WARN_UNUSED_VARIABLE = YES;
				LOCALIZATION_PREFERS_STRING_CATALOGS = YES;
				MTL_ENABLE_DEBUG_INFO = INCLUDE_SOURCE;
				MTL_FAST_MATH = YES;
				ONLY_ACTIVE_ARCH = YES;
				SWIFT_ACTIVE_COMPILATION_CONDITIONS = "DEBUG $(inherited)";
				SWIFT_OPTIMIZATION_LEVEL = "-Onone";
			};
			name = Debug;
		};
		ACCF0D132B02C58F00425280 /* Release */ = {
			isa = XCBuildConfiguration;
			buildSettings = {
				ALWAYS_SEARCH_USER_PATHS = NO;
				ASSETCATALOG_COMPILER_GENERATE_SWIFT_ASSET_SYMBOL_EXTENSIONS = YES;
				CLANG_ANALYZER_NONNULL = YES;
				CLANG_ANALYZER_NUMBER_OBJECT_CONVERSION = YES_AGGRESSIVE;
				CLANG_CXX_LANGUAGE_STANDARD = "gnu++20";
				CLANG_ENABLE_MODULES = YES;
				CLANG_ENABLE_OBJC_ARC = YES;
				CLANG_ENABLE_OBJC_WEAK = YES;
				CLANG_WARN_BLOCK_CAPTURE_AUTORELEASING = YES;
				CLANG_WARN_BOOL_CONVERSION = YES;
				CLANG_WARN_COMMA = YES;
				CLANG_WARN_CONSTANT_CONVERSION = YES;
				CLANG_WARN_DEPRECATED_OBJC_IMPLEMENTATIONS = YES;
				CLANG_WARN_DIRECT_OBJC_ISA_USAGE = YES_ERROR;
				CLANG_WARN_DOCUMENTATION_COMMENTS = YES;
				CLANG_WARN_EMPTY_BODY = YES;
				CLANG_WARN_ENUM_CONVERSION = YES;
				CLANG_WARN_INFINITE_RECURSION = YES;
				CLANG_WARN_INT_CONVERSION = YES;
				CLANG_WARN_NON_LITERAL_NULL_CONVERSION = YES;
				CLANG_WARN_OBJC_IMPLICIT_RETAIN_SELF = YES;
				CLANG_WARN_OBJC_LITERAL_CONVERSION = YES;
				CLANG_WARN_OBJC_ROOT_CLASS = YES_ERROR;
				CLANG_WARN_QUOTED_INCLUDE_IN_FRAMEWORK_HEADER = YES;
				CLANG_WARN_RANGE_LOOP_ANALYSIS = YES;
				CLANG_WARN_STRICT_PROTOTYPES = YES;
				CLANG_WARN_SUSPICIOUS_MOVE = YES;
				CLANG_WARN_UNGUARDED_AVAILABILITY = YES_AGGRESSIVE;
				CLANG_WARN_UNREACHABLE_CODE = YES;
				CLANG_WARN__DUPLICATE_METHOD_MATCH = YES;
				COPY_PHASE_STRIP = NO;
				DEBUG_INFORMATION_FORMAT = "dwarf-with-dsym";
				ENABLE_NS_ASSERTIONS = NO;
				ENABLE_STRICT_OBJC_MSGSEND = YES;
				ENABLE_USER_SCRIPT_SANDBOXING = YES;
				GCC_C_LANGUAGE_STANDARD = gnu17;
				GCC_NO_COMMON_BLOCKS = YES;
				GCC_WARN_64_TO_32_BIT_CONVERSION = YES;
				GCC_WARN_ABOUT_RETURN_TYPE = YES_ERROR;
				GCC_WARN_UNDECLARED_SELECTOR = YES;
				GCC_WARN_UNINITIALIZED_AUTOS = YES_AGGRESSIVE;
				GCC_WARN_UNUSED_FUNCTION = YES;
				GCC_WARN_UNUSED_VARIABLE = YES;
				LOCALIZATION_PREFERS_STRING_CATALOGS = YES;
				MTL_ENABLE_DEBUG_INFO = NO;
				MTL_FAST_MATH = YES;
				SWIFT_COMPILATION_MODE = wholemodule;
			};
			name = Release;
		};
		ACCF0D152B02C58F00425280 /* Debug */ = {
			isa = XCBuildConfiguration;
			buildSettings = {
				ASSETCATALOG_COMPILER_APPICON_NAME = AppIcon;
				ASSETCATALOG_COMPILER_GLOBAL_ACCENT_COLOR_NAME = AccentColor;
				CODE_SIGN_ENTITLEMENTS = TikTokClone/TikTokClone.entitlements;
				CODE_SIGN_STYLE = Automatic;
				CURRENT_PROJECT_VERSION = 1;
				DEVELOPMENT_ASSET_PATHS = "\"TikTokClone/Preview Content\"";
				DEVELOPMENT_TEAM = 4W4RHYDUCN;
				ENABLE_HARDENED_RUNTIME = YES;
				ENABLE_PREVIEWS = YES;
				GENERATE_INFOPLIST_FILE = YES;
				"INFOPLIST_KEY_UIApplicationSceneManifest_Generation[sdk=iphoneos*]" = YES;
				"INFOPLIST_KEY_UIApplicationSceneManifest_Generation[sdk=iphonesimulator*]" = YES;
				"INFOPLIST_KEY_UIApplicationSupportsIndirectInputEvents[sdk=iphoneos*]" = YES;
				"INFOPLIST_KEY_UIApplicationSupportsIndirectInputEvents[sdk=iphonesimulator*]" = YES;
				"INFOPLIST_KEY_UILaunchScreen_Generation[sdk=iphoneos*]" = YES;
				"INFOPLIST_KEY_UILaunchScreen_Generation[sdk=iphonesimulator*]" = YES;
				"INFOPLIST_KEY_UIStatusBarStyle[sdk=iphoneos*]" = UIStatusBarStyleDefault;
				"INFOPLIST_KEY_UIStatusBarStyle[sdk=iphonesimulator*]" = UIStatusBarStyleDefault;
				INFOPLIST_KEY_UISupportedInterfaceOrientations_iPad = "UIInterfaceOrientationPortrait UIInterfaceOrientationPortraitUpsideDown UIInterfaceOrientationLandscapeLeft UIInterfaceOrientationLandscapeRight";
				INFOPLIST_KEY_UISupportedInterfaceOrientations_iPhone = "UIInterfaceOrientationPortrait UIInterfaceOrientationLandscapeLeft UIInterfaceOrientationLandscapeRight";
				IPHONEOS_DEPLOYMENT_TARGET = 17.0;
				LD_RUNPATH_SEARCH_PATHS = "@executable_path/Frameworks";
				"LD_RUNPATH_SEARCH_PATHS[sdk=macosx*]" = "@executable_path/../Frameworks";
				MACOSX_DEPLOYMENT_TARGET = 14.0;
				MARKETING_VERSION = 1.0;
				PRODUCT_BUNDLE_IDENTIFIER = me.TikTokClone;
				PRODUCT_NAME = "$(TARGET_NAME)";
				SDKROOT = auto;
				SUPPORTED_PLATFORMS = "iphoneos iphonesimulator macosx";
				SWIFT_EMIT_LOC_STRINGS = YES;
				SWIFT_VERSION = 5.0;
				TARGETED_DEVICE_FAMILY = "1,2";
			};
			name = Debug;
		};
		ACCF0D162B02C58F00425280 /* Release */ = {
			isa = XCBuildConfiguration;
			buildSettings = {
				ASSETCATALOG_COMPILER_APPICON_NAME = AppIcon;
				ASSETCATALOG_COMPILER_GLOBAL_ACCENT_COLOR_NAME = AccentColor;
				CODE_SIGN_ENTITLEMENTS = TikTokClone/TikTokClone.entitlements;
				CODE_SIGN_STYLE = Automatic;
				CURRENT_PROJECT_VERSION = 1;
				DEVELOPMENT_ASSET_PATHS = "\"TikTokClone/Preview Content\"";
				DEVELOPMENT_TEAM = 4W4RHYDUCN;
				ENABLE_HARDENED_RUNTIME = YES;
				ENABLE_PREVIEWS = YES;
				GENERATE_INFOPLIST_FILE = YES;
				"INFOPLIST_KEY_UIApplicationSceneManifest_Generation[sdk=iphoneos*]" = YES;
				"INFOPLIST_KEY_UIApplicationSceneManifest_Generation[sdk=iphonesimulator*]" = YES;
				"INFOPLIST_KEY_UIApplicationSupportsIndirectInputEvents[sdk=iphoneos*]" = YES;
				"INFOPLIST_KEY_UIApplicationSupportsIndirectInputEvents[sdk=iphonesimulator*]" = YES;
				"INFOPLIST_KEY_UILaunchScreen_Generation[sdk=iphoneos*]" = YES;
				"INFOPLIST_KEY_UILaunchScreen_Generation[sdk=iphonesimulator*]" = YES;
				"INFOPLIST_KEY_UIStatusBarStyle[sdk=iphoneos*]" = UIStatusBarStyleDefault;
				"INFOPLIST_KEY_UIStatusBarStyle[sdk=iphonesimulator*]" = UIStatusBarStyleDefault;
				INFOPLIST_KEY_UISupportedInterfaceOrientations_iPad = "UIInterfaceOrientationPortrait UIInterfaceOrientationPortraitUpsideDown UIInterfaceOrientationLandscapeLeft UIInterfaceOrientationLandscapeRight";
				INFOPLIST_KEY_UISupportedInterfaceOrientations_iPhone = "UIInterfaceOrientationPortrait UIInterfaceOrientationLandscapeLeft UIInterfaceOrientationLandscapeRight";
				IPHONEOS_DEPLOYMENT_TARGET = 17.0;
				LD_RUNPATH_SEARCH_PATHS = "@executable_path/Frameworks";
				"LD_RUNPATH_SEARCH_PATHS[sdk=macosx*]" = "@executable_path/../Frameworks";
				MACOSX_DEPLOYMENT_TARGET = 14.0;
				MARKETING_VERSION = 1.0;
				PRODUCT_BUNDLE_IDENTIFIER = me.TikTokClone;
				PRODUCT_NAME = "$(TARGET_NAME)";
				SDKROOT = auto;
				SUPPORTED_PLATFORMS = "iphoneos iphonesimulator macosx";
				SWIFT_EMIT_LOC_STRINGS = YES;
				SWIFT_VERSION = 5.0;
				TARGETED_DEVICE_FAMILY = "1,2";
			};
			name = Release;
		};
		ACCF0D182B02C58F00425280 /* Debug */ = {
			isa = XCBuildConfiguration;
			buildSettings = {
				ALWAYS_EMBED_SWIFT_STANDARD_LIBRARIES = YES;
				BUNDLE_LOADER = "$(TEST_HOST)";
				CODE_SIGN_STYLE = Automatic;
				CURRENT_PROJECT_VERSION = 1;
				DEVELOPMENT_TEAM = 4W4RHYDUCN;
				GENERATE_INFOPLIST_FILE = YES;
				IPHONEOS_DEPLOYMENT_TARGET = 17.0;
				MACOSX_DEPLOYMENT_TARGET = 14.0;
				MARKETING_VERSION = 1.0;
				PRODUCT_BUNDLE_IDENTIFIER = me.TikTokCloneTests;
				PRODUCT_NAME = "$(TARGET_NAME)";
				SDKROOT = auto;
				SUPPORTED_PLATFORMS = "iphoneos iphonesimulator macosx";
				SWIFT_EMIT_LOC_STRINGS = NO;
				SWIFT_VERSION = 5.0;
				TARGETED_DEVICE_FAMILY = "1,2";
				TEST_HOST = "$(BUILT_PRODUCTS_DIR)/TikTokClone.app/$(BUNDLE_EXECUTABLE_FOLDER_PATH)/TikTokClone";
			};
			name = Debug;
		};
		ACCF0D192B02C58F00425280 /* Release */ = {
			isa = XCBuildConfiguration;
			buildSettings = {
				ALWAYS_EMBED_SWIFT_STANDARD_LIBRARIES = YES;
				BUNDLE_LOADER = "$(TEST_HOST)";
				CODE_SIGN_STYLE = Automatic;
				CURRENT_PROJECT_VERSION = 1;
				DEVELOPMENT_TEAM = 4W4RHYDUCN;
				GENERATE_INFOPLIST_FILE = YES;
				IPHONEOS_DEPLOYMENT_TARGET = 17.0;
				MACOSX_DEPLOYMENT_TARGET = 14.0;
				MARKETING_VERSION = 1.0;
				PRODUCT_BUNDLE_IDENTIFIER = me.TikTokCloneTests;
				PRODUCT_NAME = "$(TARGET_NAME)";
				SDKROOT = auto;
				SUPPORTED_PLATFORMS = "iphoneos iphonesimulator macosx";
				SWIFT_EMIT_LOC_STRINGS = NO;
				SWIFT_VERSION = 5.0;
				TARGETED_DEVICE_FAMILY = "1,2";
				TEST_HOST = "$(BUILT_PRODUCTS_DIR)/TikTokClone.app/$(BUNDLE_EXECUTABLE_FOLDER_PATH)/TikTokClone";
			};
			name = Release;
		};
		ACCF0D1B2B02C58F00425280 /* Debug */ = {
			isa = XCBuildConfiguration;
			buildSettings = {
				ALWAYS_EMBED_SWIFT_STANDARD_LIBRARIES = YES;
				CODE_SIGN_STYLE = Automatic;
				CURRENT_PROJECT_VERSION = 1;
				DEVELOPMENT_TEAM = 4W4RHYDUCN;
				GENERATE_INFOPLIST_FILE = YES;
				IPHONEOS_DEPLOYMENT_TARGET = 17.0;
				MACOSX_DEPLOYMENT_TARGET = 14.0;
				MARKETING_VERSION = 1.0;
				PRODUCT_BUNDLE_IDENTIFIER = me.TikTokCloneUITests;
				PRODUCT_NAME = "$(TARGET_NAME)";
				SDKROOT = auto;
				SUPPORTED_PLATFORMS = "iphoneos iphonesimulator macosx";
				SWIFT_EMIT_LOC_STRINGS = NO;
				SWIFT_VERSION = 5.0;
				TARGETED_DEVICE_FAMILY = "1,2";
				TEST_TARGET_NAME = TikTokClone;
			};
			name = Debug;
		};
		ACCF0D1C2B02C58F00425280 /* Release */ = {
			isa = XCBuildConfiguration;
			buildSettings = {
				ALWAYS_EMBED_SWIFT_STANDARD_LIBRARIES = YES;
				CODE_SIGN_STYLE = Automatic;
				CURRENT_PROJECT_VERSION = 1;
				DEVELOPMENT_TEAM = 4W4RHYDUCN;
				GENERATE_INFOPLIST_FILE = YES;
				IPHONEOS_DEPLOYMENT_TARGET = 17.0;
				MACOSX_DEPLOYMENT_TARGET = 14.0;
				MARKETING_VERSION = 1.0;
				PRODUCT_BUNDLE_IDENTIFIER = me.TikTokCloneUITests;
				PRODUCT_NAME = "$(TARGET_NAME)";
				SDKROOT = auto;
				SUPPORTED_PLATFORMS = "iphoneos iphonesimulator macosx";
				SWIFT_EMIT_LOC_STRINGS = NO;
				SWIFT_VERSION = 5.0;
				TARGETED_DEVICE_FAMILY = "1,2";
				TEST_TARGET_NAME = TikTokClone;
			};
			name = Release;
		};
/* End XCBuildConfiguration section */

/* Begin XCConfigurationList section */
		ACCF0CEA2B02C58E00425280 /* Build configuration list for PBXProject "TikTokClone" */ = {
			isa = XCConfigurationList;
			buildConfigurations = (
				ACCF0D122B02C58F00425280 /* Debug */,
				ACCF0D132B02C58F00425280 /* Release */,
			);
			defaultConfigurationIsVisible = 0;
			defaultConfigurationName = Release;
		};
		ACCF0D142B02C58F00425280 /* Build configuration list for PBXNativeTarget "TikTokClone" */ = {
			isa = XCConfigurationList;
			buildConfigurations = (
				ACCF0D152B02C58F00425280 /* Debug */,
				ACCF0D162B02C58F00425280 /* Release */,
			);
			defaultConfigurationIsVisible = 0;
			defaultConfigurationName = Release;
		};
		ACCF0D172B02C58F00425280 /* Build configuration list for PBXNativeTarget "TikTokCloneTests" */ = {
			isa = XCConfigurationList;
			buildConfigurations = (
				ACCF0D182B02C58F00425280 /* Debug */,
				ACCF0D192B02C58F00425280 /* Release */,
			);
			defaultConfigurationIsVisible = 0;
			defaultConfigurationName = Release;
		};
		ACCF0D1A2B02C58F00425280 /* Build configuration list for PBXNativeTarget "TikTokCloneUITests" */ = {
			isa = XCConfigurationList;
			buildConfigurations = (
				ACCF0D1B2B02C58F00425280 /* Debug */,
				ACCF0D1C2B02C58F00425280 /* Release */,
			);
			defaultConfigurationIsVisible = 0;
			defaultConfigurationName = Release;
		};
/* End XCConfigurationList section */
	};
	rootObject = ACCF0CE72B02C58E00425280 /* Project object */;
}
